<?xml version="1.0" encoding="utf-8"?>
<Project ToolsVersion="4.0" xmlns="http://schemas.microsoft.com/developer/msbuild/2003">
  <ItemGroup>
    <Filter Include="Common">
      <UniqueIdentifier>5060deaa-852b-4a7b-9358-9a095f377032</UniqueIdentifier>
    </Filter>
    <Filter Include="Assets">
      <UniqueIdentifier>35526580-918c-4f93-8b6b-3b37a3fd5f66</UniqueIdentifier>
      <Extensions>ico;cur;bmp;dds;dlg;fbx;rct;bin;rgs;gif;jpg;jpeg;jpe;resx;tga;tiff;tif;png;wav;mfcribbon-ms</Extensions>
    </Filter>
    <Filter Include="imuGui">
      <UniqueIdentifier>{c6469e35-1da7-4a54-a0da-2577e8d7cb69}</UniqueIdentifier>
    </Filter>
    <Filter Include="cpp">
      <UniqueIdentifier>{83178440-6635-4855-b1e7-8812ae8535c2}</UniqueIdentifier>
    </Filter>
    <Filter Include="header">
      <UniqueIdentifier>{a2f28f83-b730-4a56-af60-e711a41a39e0}</UniqueIdentifier>
    </Filter>
  </ItemGroup>
  <ItemGroup>
    <ClInclude Include="StepTimer.h">
      <Filter>Common</Filter>
    </ClInclude>
    <ClInclude Include="DeviceResources.h">
      <Filter>Common</Filter>
    </ClInclude>
    <ClInclude Include="pch.h">
      <Filter>imuGui</Filter>
    </ClInclude>
    <ClInclude Include="Game.h">
      <Filter>imuGui</Filter>
    </ClInclude>
    <ClInclude Include="ImGui\imconfig.h">
      <Filter>imuGui</Filter>
    </ClInclude>
    <ClInclude Include="ImGui\imgui.h">
      <Filter>imuGui</Filter>
    </ClInclude>
    <ClInclude Include="ImGui\imgui_impl_dx11.h">
      <Filter>imuGui</Filter>
    </ClInclude>
    <ClInclude Include="ImGui\imgui_impl_win32.h">
      <Filter>imuGui</Filter>
    </ClInclude>
    <ClInclude Include="ImGui\imgui_internal.h">
      <Filter>imuGui</Filter>
    </ClInclude>
    <ClInclude Include="ImGui\imstb_rectpack.h">
      <Filter>imuGui</Filter>
    </ClInclude>
    <ClInclude Include="ImGui\imstb_textedit.h">
      <Filter>imuGui</Filter>
    </ClInclude>
    <ClInclude Include="ImGui\imstb_truetype.h">
      <Filter>imuGui</Filter>
    </ClInclude>
    <ClInclude Include="MainScreen.h">
      <Filter>header</Filter>
    </ClInclude>
    <ClInclude Include="ImageList.h">
      <Filter>header</Filter>
    </ClInclude>
    <ClInclude Include="your%27ryWinAPI.h">
      <Filter>header</Filter>
    </ClInclude>
    <ClInclude Include="resource.h" />
  </ItemGroup>
  <ItemGroup>
    <ClCompile Include="DeviceResources.cpp">
      <Filter>Common</Filter>
    </ClCompile>
    <ClCompile Include="pch.cpp">
      <Filter>imuGui</Filter>
    </ClCompile>
    <ClCompile Include="Game.cpp">
      <Filter>imuGui</Filter>
    </ClCompile>
    <ClCompile Include="ImGui\imgui.cpp">
      <Filter>imuGui</Filter>
    </ClCompile>
    <ClCompile Include="ImGui\imgui_demo.cpp">
      <Filter>imuGui</Filter>
    </ClCompile>
    <ClCompile Include="ImGui\imgui_draw.cpp">
      <Filter>imuGui</Filter>
    </ClCompile>
    <ClCompile Include="ImGui\imgui_impl_dx11.cpp">
      <Filter>imuGui</Filter>
    </ClCompile>
    <ClCompile Include="ImGui\imgui_impl_win32.cpp">
      <Filter>imuGui</Filter>
    </ClCompile>
    <ClCompile Include="ImGui\imgui_tables.cpp">
      <Filter>imuGui</Filter>
    </ClCompile>
    <ClCompile Include="ImGui\imgui_widgets.cpp">
      <Filter>imuGui</Filter>
    </ClCompile>
    <ClCompile Include="Main.cpp">
      <Filter>imuGui</Filter>
    </ClCompile>
    <ClCompile Include="MainScreen.cpp">
      <Filter>cpp</Filter>
    </ClCompile>
    <ClCompile Include="your%27ryWinAPI.cpp">
      <Filter>cpp</Filter>
    </ClCompile>
    <ClCompile Include="ImageList.cpp">
      <Filter>cpp</Filter>
    </ClCompile>
  </ItemGroup>
  <ItemGroup>
    <Manifest Include="settings.manifest">
      <Filter>Assets</Filter>
    </Manifest>
  </ItemGroup>
  <ItemGroup>
    <None Include="packages.config" />
  </ItemGroup>
  <ItemGroup>
    <ResourceCompile Include="DMCreateJsonImGui.rc" />
  </ItemGroup>
  <ItemGroup>
    <Image Include="DMJson.ico">
      <Filter>Assets</Filter>
    </Image>
  </ItemGroup>
</Project>